
Microsoft Visual Studio Solution File, Format Version 12.00
# Visual Studio Version 17
VisualStudioVersion = 17.4.33122.133
MinimumVisualStudioVersion = 10.0.40219.1
Project("{FAE04EC0-301F-11D3-BF4B-00C04F79EFBC}") = "Quizy", "Quizy\Quizy.csproj", "{E999F9FF-9F9F-43A4-B057-4E511020E711}"
EndProject
Global
	GlobalSection(SolutionConfigurationPlatforms) = preSolution
		Debug|Any CPU = Debug|Any CPU
		Release|Any CPU = Release|Any CPU
	EndGlobalSection
	GlobalSection(ProjectConfigurationPlatforms) = postSolution
		{E999F9FF-9F9F-43A4-B057-4E511020E711}.Debug|Any CPU.ActiveCfg = Debug|Any CPU
		{E999F9FF-9F9F-43A4-B057-4E511020E711}.Debug|Any CPU.Build.0 = Debug|Any CPU
		{E999F9FF-9F9F-43A4-B057-4E511020E711}.Release|Any CPU.ActiveCfg = Release|Any CPU
		{E999F9FF-9F9F-43A4-B057-4E511020E711}.Release|Any CPU.Build.0 = Release|Any CPU
	EndGlobalSection
	GlobalSection(SolutionProperties) = preSolution
		HideSolutionNode = FALSE
	EndGlobalSection
	GlobalSection(ExtensibilityGlobals) = postSolution
		SolutionGuid = {37F49DF6-6B13-4FCF-B955-34EF57A9BE51}
	EndGlobalSection
EndGlobal
